
Microsoft Visual Studio Solution File, Format Version 12.00
# Visual Studio Version 16
VisualStudioVersion = 16.0.29411.108
MinimumVisualStudioVersion = 10.0.40219.1
Project("{FAE04EC0-301F-11D3-BF4B-00C04F79EFBC}") = "DM_BDD_ARISS_ATALLAH", "DM_BDD_ARISS_ATALLAH.csproj", "{7B3C3A8D-064B-4564-8F20-A55ED4D591FC}"
EndProject
Project("{FAE04EC0-301F-11D3-BF4B-00C04F79EFBC}") = "Test1", "..\Test1\Test1.csproj", "{1DC2AD41-46BC-496F-8177-6A8A0252921B}"
EndProject
Global
	GlobalSection(SolutionConfigurationPlatforms) = preSolution
		Debug|Any CPU = Debug|Any CPU
		Release|Any CPU = Release|Any CPU
	EndGlobalSection
	GlobalSection(ProjectConfigurationPlatforms) = postSolution
		{7B3C3A8D-064B-4564-8F20-A55ED4D591FC}.Debug|Any CPU.ActiveCfg = Debug|Any CPU
		{7B3C3A8D-064B-4564-8F20-A55ED4D591FC}.Debug|Any CPU.Build.0 = Debug|Any CPU
		{7B3C3A8D-064B-4564-8F20-A55ED4D591FC}.Release|Any CPU.ActiveCfg = Release|Any CPU
		{7B3C3A8D-064B-4564-8F20-A55ED4D591FC}.Release|Any CPU.Build.0 = Release|Any CPU
		{1DC2AD41-46BC-496F-8177-6A8A0252921B}.Debug|Any CPU.ActiveCfg = Debug|Any CPU
		{1DC2AD41-46BC-496F-8177-6A8A0252921B}.Debug|Any CPU.Build.0 = Debug|Any CPU
		{1DC2AD41-46BC-496F-8177-6A8A0252921B}.Release|Any CPU.ActiveCfg = Release|Any CPU
		{1DC2AD41-46BC-496F-8177-6A8A0252921B}.Release|Any CPU.Build.0 = Release|Any CPU
	EndGlobalSection
	GlobalSection(SolutionProperties) = preSolution
		HideSolutionNode = FALSE
	EndGlobalSection
	GlobalSection(ExtensibilityGlobals) = postSolution
		SolutionGuid = {108C1CF5-5F20-48B7-9E25-7981606976A3}
	EndGlobalSection
EndGlobal
